
Microsoft Visual Studio Solution File, Format Version 12.00
# Visual Studio 15
VisualStudioVersion = 15.0.28307.572
MinimumVisualStudioVersion = 10.0.40219.1
Project("{8BC9CEB8-8B4A-11D0-8D11-00A0C91BC942}") = "Project2", "Project2\Project2.vcxproj", "{5762AA58-29EB-444A-BBF6-FC8F609D1017}"
EndProject
Project("{8BC9CEB8-8B4A-11D0-8D11-00A0C91BC942}") = "Project1", "Project1\Project1.vcxproj", "{0FD38918-8240-492A-9E50-927BAF1EE045}"
EndProject
Project("{8BC9CEB8-8B4A-11D0-8D11-00A0C91BC942}") = "Project4", "Project4\Project4.vcxproj", "{761C7D79-086A-4718-993A-61AB96D96D00}"
EndProject
Project("{8BC9CEB8-8B4A-11D0-8D11-00A0C91BC942}") = "CopyDrawBitmap", "CopyDrawBitmap\CopyDrawBitmap.vcxproj", "{F2F21FE4-4A43-4675-97CD-D4DD7D211FF1}"
EndProject
Project("{8BC9CEB8-8B4A-11D0-8D11-00A0C91BC942}") = "sy_WindowLib", "Copy_Window\Copy_Window.vcxproj", "{909B9EA9-85CC-4C26-A1D5-766B3684750A}"
EndProject
Project("{8BC9CEB8-8B4A-11D0-8D11-00A0C91BC942}") = "DrawBitmapSY", "DrawBitmapSY\DrawBitmapSY.vcxproj", "{07D121A2-A745-49E5-94E8-5CED2BAF994D}"
EndProject
Project("{8BC9CEB8-8B4A-11D0-8D11-00A0C91BC942}") = "sySpriteBitmap", "sySpriteBitmap\sySpriteBitmap.vcxproj", "{76775E4A-BE1A-4500-B611-DEB3C52EBDC5}"
	ProjectSection(ProjectDependencies) = postProject
		{909B9EA9-85CC-4C26-A1D5-766B3684750A} = {909B9EA9-85CC-4C26-A1D5-766B3684750A}
	EndProjectSection
EndProject
Project("{8BC9CEB8-8B4A-11D0-8D11-00A0C91BC942}") = "BitmapBlend", "BitmapBlend\BitmapBlend.vcxproj", "{F740D9E7-CF4A-4EDB-B847-A3653AC4D940}"
EndProject
Project("{2150E333-8FDC-42A3-9474-1A3956D46DE8}") = "passed", "passed", "{52C8D5E4-897A-4944-A515-23CDD43D68B1}"
EndProject
Project("{8BC9CEB8-8B4A-11D0-8D11-00A0C91BC942}") = "UIButton", "UIButton\UIButton.vcxproj", "{1AF32EC0-DBA6-4325-B122-7BFEABC11727}"
EndProject
Project("{8BC9CEB8-8B4A-11D0-8D11-00A0C91BC942}") = "Gunter", "Gunter\Gunter.vcxproj", "{B6DC4C96-7ECC-4091-83AD-AB4B3CD14D57}"
EndProject
Project("{8BC9CEB8-8B4A-11D0-8D11-00A0C91BC942}") = "UIControl", "UIControl\UIControl.vcxproj", "{2C176660-9F85-4C47-AA4D-6BFA32B1E3CE}"
EndProject
Project("{2150E333-8FDC-42A3-9474-1A3956D46DE8}") = "game", "game", "{E88FAC99-24CF-40F3-B730-74CEED535C34}"
EndProject
Project("{8BC9CEB8-8B4A-11D0-8D11-00A0C91BC942}") = "ClientSocket", "ClientSocket\ClientSocket.vcxproj", "{3CF702A1-2465-4D9B-8A52-FFDB4B1523BC}"
EndProject
Project("{8BC9CEB8-8B4A-11D0-8D11-00A0C91BC942}") = "ServerSocket", "ServerSocket\ServerSocket.vcxproj", "{4117E3CC-8F6E-4956-B822-6B71DF53FF04}"
EndProject
Global
	GlobalSection(SolutionConfigurationPlatforms) = preSolution
		Debug|x64 = Debug|x64
		Debug|x86 = Debug|x86
		Release|x64 = Release|x64
		Release|x86 = Release|x86
	EndGlobalSection
	GlobalSection(ProjectConfigurationPlatforms) = postSolution
		{5762AA58-29EB-444A-BBF6-FC8F609D1017}.Debug|x64.ActiveCfg = Debug|x64
		{5762AA58-29EB-444A-BBF6-FC8F609D1017}.Debug|x64.Build.0 = Debug|x64
		{5762AA58-29EB-444A-BBF6-FC8F609D1017}.Debug|x86.ActiveCfg = Debug|Win32
		{5762AA58-29EB-444A-BBF6-FC8F609D1017}.Debug|x86.Build.0 = Debug|Win32
		{5762AA58-29EB-444A-BBF6-FC8F609D1017}.Release|x64.ActiveCfg = Release|x64
		{5762AA58-29EB-444A-BBF6-FC8F609D1017}.Release|x64.Build.0 = Release|x64
		{5762AA58-29EB-444A-BBF6-FC8F609D1017}.Release|x86.ActiveCfg = Release|Win32
		{5762AA58-29EB-444A-BBF6-FC8F609D1017}.Release|x86.Build.0 = Release|Win32
		{0FD38918-8240-492A-9E50-927BAF1EE045}.Debug|x64.ActiveCfg = Debug|x64
		{0FD38918-8240-492A-9E50-927BAF1EE045}.Debug|x64.Build.0 = Debug|x64
		{0FD38918-8240-492A-9E50-927BAF1EE045}.Debug|x86.ActiveCfg = Debug|Win32
		{0FD38918-8240-492A-9E50-927BAF1EE045}.Debug|x86.Build.0 = Debug|Win32
		{0FD38918-8240-492A-9E50-927BAF1EE045}.Release|x64.ActiveCfg = Release|x64
		{0FD38918-8240-492A-9E50-927BAF1EE045}.Release|x64.Build.0 = Release|x64
		{0FD38918-8240-492A-9E50-927BAF1EE045}.Release|x86.ActiveCfg = Release|Win32
		{0FD38918-8240-492A-9E50-927BAF1EE045}.Release|x86.Build.0 = Release|Win32
		{761C7D79-086A-4718-993A-61AB96D96D00}.Debug|x64.ActiveCfg = Debug|x64
		{761C7D79-086A-4718-993A-61AB96D96D00}.Debug|x64.Build.0 = Debug|x64
		{761C7D79-086A-4718-993A-61AB96D96D00}.Debug|x86.ActiveCfg = Debug|Win32
		{761C7D79-086A-4718-993A-61AB96D96D00}.Debug|x86.Build.0 = Debug|Win32
		{761C7D79-086A-4718-993A-61AB96D96D00}.Release|x64.ActiveCfg = Release|x64
		{761C7D79-086A-4718-993A-61AB96D96D00}.Release|x64.Build.0 = Release|x64
		{761C7D79-086A-4718-993A-61AB96D96D00}.Release|x86.ActiveCfg = Release|Win32
		{761C7D79-086A-4718-993A-61AB96D96D00}.Release|x86.Build.0 = Release|Win32
		{F2F21FE4-4A43-4675-97CD-D4DD7D211FF1}.Debug|x64.ActiveCfg = Debug|x64
		{F2F21FE4-4A43-4675-97CD-D4DD7D211FF1}.Debug|x64.Build.0 = Debug|x64
		{F2F21FE4-4A43-4675-97CD-D4DD7D211FF1}.Debug|x86.ActiveCfg = Debug|Win32
		{F2F21FE4-4A43-4675-97CD-D4DD7D211FF1}.Debug|x86.Build.0 = Debug|Win32
		{F2F21FE4-4A43-4675-97CD-D4DD7D211FF1}.Release|x64.ActiveCfg = Release|x64
		{F2F21FE4-4A43-4675-97CD-D4DD7D211FF1}.Release|x64.Build.0 = Release|x64
		{F2F21FE4-4A43-4675-97CD-D4DD7D211FF1}.Release|x86.ActiveCfg = Release|Win32
		{F2F21FE4-4A43-4675-97CD-D4DD7D211FF1}.Release|x86.Build.0 = Release|Win32
		{909B9EA9-85CC-4C26-A1D5-766B3684750A}.Debug|x64.ActiveCfg = Debug|x64
		{909B9EA9-85CC-4C26-A1D5-766B3684750A}.Debug|x64.Build.0 = Debug|x64
		{909B9EA9-85CC-4C26-A1D5-766B3684750A}.Debug|x86.ActiveCfg = Debug|Win32
		{909B9EA9-85CC-4C26-A1D5-766B3684750A}.Debug|x86.Build.0 = Debug|Win32
		{909B9EA9-85CC-4C26-A1D5-766B3684750A}.Release|x64.ActiveCfg = Release|x64
		{909B9EA9-85CC-4C26-A1D5-766B3684750A}.Release|x64.Build.0 = Release|x64
		{909B9EA9-85CC-4C26-A1D5-766B3684750A}.Release|x86.ActiveCfg = Release|Win32
		{909B9EA9-85CC-4C26-A1D5-766B3684750A}.Release|x86.Build.0 = Release|Win32
		{07D121A2-A745-49E5-94E8-5CED2BAF994D}.Debug|x64.ActiveCfg = Debug|x64
		{07D121A2-A745-49E5-94E8-5CED2BAF994D}.Debug|x64.Build.0 = Debug|x64
		{07D121A2-A745-49E5-94E8-5CED2BAF994D}.Debug|x86.ActiveCfg = Debug|Win32
		{07D121A2-A745-49E5-94E8-5CED2BAF994D}.Debug|x86.Build.0 = Debug|Win32
		{07D121A2-A745-49E5-94E8-5CED2BAF994D}.Release|x64.ActiveCfg = Release|x64
		{07D121A2-A745-49E5-94E8-5CED2BAF994D}.Release|x64.Build.0 = Release|x64
		{07D121A2-A745-49E5-94E8-5CED2BAF994D}.Release|x86.ActiveCfg = Release|Win32
		{07D121A2-A745-49E5-94E8-5CED2BAF994D}.Release|x86.Build.0 = Release|Win32
		{76775E4A-BE1A-4500-B611-DEB3C52EBDC5}.Debug|x64.ActiveCfg = Debug|x64
		{76775E4A-BE1A-4500-B611-DEB3C52EBDC5}.Debug|x64.Build.0 = Debug|x64
		{76775E4A-BE1A-4500-B611-DEB3C52EBDC5}.Debug|x86.ActiveCfg = Debug|Win32
		{76775E4A-BE1A-4500-B611-DEB3C52EBDC5}.Debug|x86.Build.0 = Debug|Win32
		{76775E4A-BE1A-4500-B611-DEB3C52EBDC5}.Release|x64.ActiveCfg = Release|x64
		{76775E4A-BE1A-4500-B611-DEB3C52EBDC5}.Release|x64.Build.0 = Release|x64
		{76775E4A-BE1A-4500-B611-DEB3C52EBDC5}.Release|x86.ActiveCfg = Release|Win32
		{76775E4A-BE1A-4500-B611-DEB3C52EBDC5}.Release|x86.Build.0 = Release|Win32
		{F740D9E7-CF4A-4EDB-B847-A3653AC4D940}.Debug|x64.ActiveCfg = Debug|x64
		{F740D9E7-CF4A-4EDB-B847-A3653AC4D940}.Debug|x64.Build.0 = Debug|x64
		{F740D9E7-CF4A-4EDB-B847-A3653AC4D940}.Debug|x86.ActiveCfg = Debug|Win32
		{F740D9E7-CF4A-4EDB-B847-A3653AC4D940}.Debug|x86.Build.0 = Debug|Win32
		{F740D9E7-CF4A-4EDB-B847-A3653AC4D940}.Release|x64.ActiveCfg = Release|x64
		{F740D9E7-CF4A-4EDB-B847-A3653AC4D940}.Release|x64.Build.0 = Release|x64
		{F740D9E7-CF4A-4EDB-B847-A3653AC4D940}.Release|x86.ActiveCfg = Release|Win32
		{F740D9E7-CF4A-4EDB-B847-A3653AC4D940}.Release|x86.Build.0 = Release|Win32
		{1AF32EC0-DBA6-4325-B122-7BFEABC11727}.Debug|x64.ActiveCfg = Debug|x64
		{1AF32EC0-DBA6-4325-B122-7BFEABC11727}.Debug|x64.Build.0 = Debug|x64
		{1AF32EC0-DBA6-4325-B122-7BFEABC11727}.Debug|x86.ActiveCfg = Debug|Win32
		{1AF32EC0-DBA6-4325-B122-7BFEABC11727}.Debug|x86.Build.0 = Debug|Win32
		{1AF32EC0-DBA6-4325-B122-7BFEABC11727}.Release|x64.ActiveCfg = Release|x64
		{1AF32EC0-DBA6-4325-B122-7BFEABC11727}.Release|x64.Build.0 = Release|x64
		{1AF32EC0-DBA6-4325-B122-7BFEABC11727}.Release|x86.ActiveCfg = Release|Win32
		{1AF32EC0-DBA6-4325-B122-7BFEABC11727}.Release|x86.Build.0 = Release|Win32
		{B6DC4C96-7ECC-4091-83AD-AB4B3CD14D57}.Debug|x64.ActiveCfg = Debug|x64
		{B6DC4C96-7ECC-4091-83AD-AB4B3CD14D57}.Debug|x64.Build.0 = Debug|x64
		{B6DC4C96-7ECC-4091-83AD-AB4B3CD14D57}.Debug|x86.ActiveCfg = Debug|Win32
		{B6DC4C96-7ECC-4091-83AD-AB4B3CD14D57}.Debug|x86.Build.0 = Debug|Win32
		{B6DC4C96-7ECC-4091-83AD-AB4B3CD14D57}.Release|x64.ActiveCfg = Release|x64
		{B6DC4C96-7ECC-4091-83AD-AB4B3CD14D57}.Release|x64.Build.0 = Release|x64
		{B6DC4C96-7ECC-4091-83AD-AB4B3CD14D57}.Release|x86.ActiveCfg = Release|Win32
		{B6DC4C96-7ECC-4091-83AD-AB4B3CD14D57}.Release|x86.Build.0 = Release|Win32
		{2C176660-9F85-4C47-AA4D-6BFA32B1E3CE}.Debug|x64.ActiveCfg = Debug|x64
		{2C176660-9F85-4C47-AA4D-6BFA32B1E3CE}.Debug|x64.Build.0 = Debug|x64
		{2C176660-9F85-4C47-AA4D-6BFA32B1E3CE}.Debug|x86.ActiveCfg = Debug|Win32
		{2C176660-9F85-4C47-AA4D-6BFA32B1E3CE}.Debug|x86.Build.0 = Debug|Win32
		{2C176660-9F85-4C47-AA4D-6BFA32B1E3CE}.Release|x64.ActiveCfg = Release|x64
		{2C176660-9F85-4C47-AA4D-6BFA32B1E3CE}.Release|x64.Build.0 = Release|x64
		{2C176660-9F85-4C47-AA4D-6BFA32B1E3CE}.Release|x86.ActiveCfg = Release|Win32
		{2C176660-9F85-4C47-AA4D-6BFA32B1E3CE}.Release|x86.Build.0 = Release|Win32
		{3CF702A1-2465-4D9B-8A52-FFDB4B1523BC}.Debug|x64.ActiveCfg = Debug|x64
		{3CF702A1-2465-4D9B-8A52-FFDB4B1523BC}.Debug|x64.Build.0 = Debug|x64
		{3CF702A1-2465-4D9B-8A52-FFDB4B1523BC}.Debug|x86.ActiveCfg = Debug|Win32
		{3CF702A1-2465-4D9B-8A52-FFDB4B1523BC}.Debug|x86.Build.0 = Debug|Win32
		{3CF702A1-2465-4D9B-8A52-FFDB4B1523BC}.Release|x64.ActiveCfg = Release|x64
		{3CF702A1-2465-4D9B-8A52-FFDB4B1523BC}.Release|x64.Build.0 = Release|x64
		{3CF702A1-2465-4D9B-8A52-FFDB4B1523BC}.Release|x86.ActiveCfg = Release|Win32
		{3CF702A1-2465-4D9B-8A52-FFDB4B1523BC}.Release|x86.Build.0 = Release|Win32
		{4117E3CC-8F6E-4956-B822-6B71DF53FF04}.Debug|x64.ActiveCfg = Debug|x64
		{4117E3CC-8F6E-4956-B822-6B71DF53FF04}.Debug|x64.Build.0 = Debug|x64
		{4117E3CC-8F6E-4956-B822-6B71DF53FF04}.Debug|x86.ActiveCfg = Debug|Win32
		{4117E3CC-8F6E-4956-B822-6B71DF53FF04}.Debug|x86.Build.0 = Debug|Win32
		{4117E3CC-8F6E-4956-B822-6B71DF53FF04}.Release|x64.ActiveCfg = Release|x64
		{4117E3CC-8F6E-4956-B822-6B71DF53FF04}.Release|x64.Build.0 = Release|x64
		{4117E3CC-8F6E-4956-B822-6B71DF53FF04}.Release|x86.ActiveCfg = Release|Win32
		{4117E3CC-8F6E-4956-B822-6B71DF53FF04}.Release|x86.Build.0 = Release|Win32
	EndGlobalSection
	GlobalSection(SolutionProperties) = preSolution
		HideSolutionNode = FALSE
	EndGlobalSection
	GlobalSection(NestedProjects) = preSolution
		{5762AA58-29EB-444A-BBF6-FC8F609D1017} = {52C8D5E4-897A-4944-A515-23CDD43D68B1}
		{0FD38918-8240-492A-9E50-927BAF1EE045} = {52C8D5E4-897A-4944-A515-23CDD43D68B1}
		{761C7D79-086A-4718-993A-61AB96D96D00} = {52C8D5E4-897A-4944-A515-23CDD43D68B1}
		{F2F21FE4-4A43-4675-97CD-D4DD7D211FF1} = {52C8D5E4-897A-4944-A515-23CDD43D68B1}
		{909B9EA9-85CC-4C26-A1D5-766B3684750A} = {E88FAC99-24CF-40F3-B730-74CEED535C34}
		{07D121A2-A745-49E5-94E8-5CED2BAF994D} = {52C8D5E4-897A-4944-A515-23CDD43D68B1}
		{76775E4A-BE1A-4500-B611-DEB3C52EBDC5} = {52C8D5E4-897A-4944-A515-23CDD43D68B1}
		{F740D9E7-CF4A-4EDB-B847-A3653AC4D940} = {52C8D5E4-897A-4944-A515-23CDD43D68B1}
		{1AF32EC0-DBA6-4325-B122-7BFEABC11727} = {E88FAC99-24CF-40F3-B730-74CEED535C34}
		{B6DC4C96-7ECC-4091-83AD-AB4B3CD14D57} = {E88FAC99-24CF-40F3-B730-74CEED535C34}
		{2C176660-9F85-4C47-AA4D-6BFA32B1E3CE} = {E88FAC99-24CF-40F3-B730-74CEED535C34}
	EndGlobalSection
	GlobalSection(ExtensibilityGlobals) = postSolution
		SolutionGuid = {3F15CFEA-1CFD-4CC3-A2A9-71799B80AE4F}
		VisualSVNWorkingCopyRoot = Copy_Window
	EndGlobalSection
EndGlobal
